{
	"name": "mitra-shared",
	"lockfileVersion": 3,
	"requires": true,
	"packages": {
		"": {
			"name": "mitra-shared",
			"dependencies": {
				"@3mo/date-time": "x"
			}
		},
		"node_modules/@3mo/date-time": {
			"version": "0.10.0",
			"resolved": "https://registry.npmjs.org/@3mo/date-time/-/date-time-0.10.0.tgz",
			"integrity": "sha512-Khbt4ZOlVtt6Dj3YCNqm1ICiNudKhVzaz30hOgFWvRvWlFgh2vtOM6fqz3tP7JhZmbmjd6LPcv1fphaNpEzZGQ==",
			"license": "MIT",
			"dependencies": {
				"@3mo/localization": "x",
				"temporal-polyfill": "0.2.x",
				"tslib": "x",
				"typescript-memoize": "1.x"
			}
		},
		"node_modules/@3mo/localization": {
			"version": "0.9.0",
			"resolved": "https://registry.npmjs.org/@3mo/localization/-/localization-0.9.0.tgz",
			"integrity": "sha512-+TfYvhNAXBGSDAgo/eCBisw1vl+caQN+wY18RzlMODQdpi4STP9aPwi7J/cV9e5/D6w+FksH2DxvVUZz/aWVmQ==",
			"license": "MIT",
			"dependencies": {
				"@a11d/local-storage": "x",
				"intl-format-cache": "4.x",
				"tslib": "x"
			}
		},
		"node_modules/@a11d/local-storage": {
			"version": "1.1.0",
			"resolved": "https://registry.npmjs.org/@a11d/local-storage/-/local-storage-1.1.0.tgz",
			"integrity": "sha512-TyzqL/6o6Ht+G/ytEtWquP8yP35SLLRJ3XwwlCVh8+986+J+vRzsOdXJHRbtXaaj79sEpPGMR3sNR+1f3BKKrw==",
			"license": "MIT",
			"dependencies": {
				"tslib": "x"
			}
		},
		"node_modules/intl-format-cache": {
			"version": "4.3.1",
			"resolved": "https://registry.npmjs.org/intl-format-cache/-/intl-format-cache-4.3.1.tgz",
			"integrity": "sha512-OEUYNA7D06agqPOYhbTkl0T8HA3QKSuwWh1HiClEnpd9vw7N+3XsQt5iZ0GUEchp5CW1fQk/tary+NsbF3yQ1Q==",
			"license": "BSD-3-Clause"
		},
		"node_modules/temporal-polyfill": {
			"version": "0.2.5",
			"resolved": "https://registry.npmjs.org/temporal-polyfill/-/temporal-polyfill-0.2.5.tgz",
			"integrity": "sha512-ye47xp8Cb0nDguAhrrDS1JT1SzwEV9e26sSsrWzVu+yPZ7LzceEcH0i2gci9jWfOfSCCgM3Qv5nOYShVUUFUXA==",
			"license": "MIT",
			"dependencies": {
				"temporal-spec": "^0.2.4"
			}
		},
		"node_modules/temporal-spec": {
			"version": "0.2.4",
			"resolved": "https://registry.npmjs.org/temporal-spec/-/temporal-spec-0.2.4.tgz",
			"integrity": "sha512-lDMFv4nKQrSjlkHKAlHVqKrBG4DyFfa9F74cmBZ3Iy3ed8yvWnlWSIdi4IKfSqwmazAohBNwiN64qGx4y5Q3IQ==",
			"license": "ISC"
		},
		"node_modules/tslib": {
			"version": "2.8.1",
			"resolved": "https://registry.npmjs.org/tslib/-/tslib-2.8.1.tgz",
			"integrity": "sha512-oJFu94HQb+KVduSUQL7wnpmqnfmLsOA/nAh6b6EH0wCEoK0/mPeXU6c3wKDV83MkOuHPRHtSXKKU99IBazS/2w==",
			"license": "0BSD"
		},
		"node_modules/typescript-memoize": {
			"version": "1.1.1",
			"resolved": "https://registry.npmjs.org/typescript-memoize/-/typescript-memoize-1.1.1.tgz",
			"integrity": "sha512-GQ90TcKpIH4XxYTI2F98yEQYZgjNMOGPpOgdjIBhaLaWji5HPWlRnZ4AeA1hfBxtY7bCGDJsqDDHk/KaHOl5bA==",
			"license": "MIT"
		}
	}
}
